
Microsoft Visual Studio Solution File, Format Version 12.00
# Visual Studio Version 17
VisualStudioVersion = 17.13.35825.156 d17.13
MinimumVisualStudioVersion = 10.0.40219.1
Project("{2150E333-8FDC-42A3-9474-1A3956D46DE8}") = "src", "src", "{02EA681E-C7D8-13C7-8484-4AC65E1B71E8}"
EndProject
Project("{2150E333-8FDC-42A3-9474-1A3956D46DE8}") = "Core", "Core", "{E89F5DC5-7CA6-477A-80DF-BE50EE8DE602}"
EndProject
Project("{2150E333-8FDC-42A3-9474-1A3956D46DE8}") = "Application", "Application", "{FC6BBD33-E73E-4877-B3DB-9D8ECA9217B1}"
EndProject
Project("{2150E333-8FDC-42A3-9474-1A3956D46DE8}") = "Domain", "Domain", "{88EB8910-1E55-4997-973F-6029C410B226}"
EndProject
Project("{2150E333-8FDC-42A3-9474-1A3956D46DE8}") = "Infrastructure", "Infrastructure", "{24E2A5A5-24A2-4E7F-823C-779CC31B6E78}"
EndProject
Project("{2150E333-8FDC-42A3-9474-1A3956D46DE8}") = "Presentation", "Presentation", "{2E4A69A4-531B-4CE7-A9D0-F57512289149}"
EndProject
Project("{FAE04EC0-301F-11D3-BF4B-00C04F79EFBC}") = "ApplicationLayer", "ApplicationLayer\ApplicationLayer.csproj", "{0165C101-E7A1-4D83-88D7-0F6B8DEE2EF7}"
EndProject
Project("{FAE04EC0-301F-11D3-BF4B-00C04F79EFBC}") = "DomainLayer", "DomainLayer\DomainLayer.csproj", "{58D7E376-70F1-4E15-95F4-C8669EA353CD}"
EndProject
Project("{FAE04EC0-301F-11D3-BF4B-00C04F79EFBC}") = "InfrastructureLayer", "InfrastructureLayer\InfrastructureLayer.csproj", "{FCD17233-7682-4D12-84E7-92F34BAC4B80}"
EndProject
Project("{FAE04EC0-301F-11D3-BF4B-00C04F79EFBC}") = "NextPeyk.API", "NextPeyk.API\NextPeyk.API.csproj", "{0AFC9F0D-3306-47D5-9639-0DE164EA6536}"
EndProject
Global
	GlobalSection(SolutionConfigurationPlatforms) = preSolution
		Debug|Any CPU = Debug|Any CPU
		Release|Any CPU = Release|Any CPU
	EndGlobalSection
	GlobalSection(ProjectConfigurationPlatforms) = postSolution
		{0165C101-E7A1-4D83-88D7-0F6B8DEE2EF7}.Debug|Any CPU.ActiveCfg = Debug|Any CPU
		{0165C101-E7A1-4D83-88D7-0F6B8DEE2EF7}.Debug|Any CPU.Build.0 = Debug|Any CPU
		{0165C101-E7A1-4D83-88D7-0F6B8DEE2EF7}.Release|Any CPU.ActiveCfg = Release|Any CPU
		{0165C101-E7A1-4D83-88D7-0F6B8DEE2EF7}.Release|Any CPU.Build.0 = Release|Any CPU
		{58D7E376-70F1-4E15-95F4-C8669EA353CD}.Debug|Any CPU.ActiveCfg = Debug|Any CPU
		{58D7E376-70F1-4E15-95F4-C8669EA353CD}.Debug|Any CPU.Build.0 = Debug|Any CPU
		{58D7E376-70F1-4E15-95F4-C8669EA353CD}.Release|Any CPU.ActiveCfg = Release|Any CPU
		{58D7E376-70F1-4E15-95F4-C8669EA353CD}.Release|Any CPU.Build.0 = Release|Any CPU
		{FCD17233-7682-4D12-84E7-92F34BAC4B80}.Debug|Any CPU.ActiveCfg = Debug|Any CPU
		{FCD17233-7682-4D12-84E7-92F34BAC4B80}.Debug|Any CPU.Build.0 = Debug|Any CPU
		{FCD17233-7682-4D12-84E7-92F34BAC4B80}.Release|Any CPU.ActiveCfg = Release|Any CPU
		{FCD17233-7682-4D12-84E7-92F34BAC4B80}.Release|Any CPU.Build.0 = Release|Any CPU
		{0AFC9F0D-3306-47D5-9639-0DE164EA6536}.Debug|Any CPU.ActiveCfg = Debug|Any CPU
		{0AFC9F0D-3306-47D5-9639-0DE164EA6536}.Debug|Any CPU.Build.0 = Debug|Any CPU
		{0AFC9F0D-3306-47D5-9639-0DE164EA6536}.Release|Any CPU.ActiveCfg = Release|Any CPU
		{0AFC9F0D-3306-47D5-9639-0DE164EA6536}.Release|Any CPU.Build.0 = Release|Any CPU
	EndGlobalSection
	GlobalSection(SolutionProperties) = preSolution
		HideSolutionNode = FALSE
	EndGlobalSection
	GlobalSection(NestedProjects) = preSolution
		{E89F5DC5-7CA6-477A-80DF-BE50EE8DE602} = {02EA681E-C7D8-13C7-8484-4AC65E1B71E8}
		{FC6BBD33-E73E-4877-B3DB-9D8ECA9217B1} = {E89F5DC5-7CA6-477A-80DF-BE50EE8DE602}
		{88EB8910-1E55-4997-973F-6029C410B226} = {E89F5DC5-7CA6-477A-80DF-BE50EE8DE602}
		{24E2A5A5-24A2-4E7F-823C-779CC31B6E78} = {02EA681E-C7D8-13C7-8484-4AC65E1B71E8}
		{2E4A69A4-531B-4CE7-A9D0-F57512289149} = {02EA681E-C7D8-13C7-8484-4AC65E1B71E8}
		{0165C101-E7A1-4D83-88D7-0F6B8DEE2EF7} = {FC6BBD33-E73E-4877-B3DB-9D8ECA9217B1}
		{58D7E376-70F1-4E15-95F4-C8669EA353CD} = {88EB8910-1E55-4997-973F-6029C410B226}
		{FCD17233-7682-4D12-84E7-92F34BAC4B80} = {24E2A5A5-24A2-4E7F-823C-779CC31B6E78}
		{0AFC9F0D-3306-47D5-9639-0DE164EA6536} = {2E4A69A4-531B-4CE7-A9D0-F57512289149}
	EndGlobalSection
	GlobalSection(ExtensibilityGlobals) = postSolution
		SolutionGuid = {83994FFF-7A50-4602-8D59-09A2BA9D8379}
	EndGlobalSection
EndGlobal
