
Microsoft Visual Studio Solution File, Format Version 12.00
# Visual Studio Version 17
VisualStudioVersion = 17.13.35825.156 d17.13
MinimumVisualStudioVersion = 10.0.40219.1
Project("{2150E333-8FDC-42A3-9474-1A3956D46DE8}") = "src", "src", "{02EA681E-C7D8-13C7-8484-4AC65E1B71E8}"
EndProject
Project("{2150E333-8FDC-42A3-9474-1A3956D46DE8}") = "Core", "Core", "{3A89AB61-C88A-415F-A98B-09DB506B26C8}"
EndProject
Project("{2150E333-8FDC-42A3-9474-1A3956D46DE8}") = "Application", "Application", "{F1B3B074-D541-4119-B931-E5F3656A7266}"
EndProject
Project("{2150E333-8FDC-42A3-9474-1A3956D46DE8}") = "Domain", "Domain", "{4DF60BD6-89CB-458B-A112-846350FF17D1}"
EndProject
Project("{2150E333-8FDC-42A3-9474-1A3956D46DE8}") = "Infrastructure", "Infrastructure", "{3E79A05B-FD5E-4EB5-9FA9-6385F8433FCF}"
EndProject
Project("{2150E333-8FDC-42A3-9474-1A3956D46DE8}") = "Presentation", "Presentation", "{9A2860A1-C08D-4C29-9764-D66A9936DAB6}"
EndProject
Project("{FAE04EC0-301F-11D3-BF4B-00C04F79EFBC}") = "PresentationApi", "PresentationApi\PresentationApi.csproj", "{1CD7ACDA-09B3-4CFF-9C8E-D78466F13770}"
EndProject
Project("{FAE04EC0-301F-11D3-BF4B-00C04F79EFBC}") = "InfrastructureLayer", "InfrastructureLayer\InfrastructureLayer.csproj", "{8EE53DB4-0D8A-43D5-B51E-CBBA77B1A750}"
EndProject
Project("{FAE04EC0-301F-11D3-BF4B-00C04F79EFBC}") = "DomainLayer", "DomainLayer\DomainLayer.csproj", "{9274DCF7-DB3A-4218-9695-083170A6BC35}"
EndProject
Project("{FAE04EC0-301F-11D3-BF4B-00C04F79EFBC}") = "ApplicationLayer", "ApplicationLayer\ApplicationLayer.csproj", "{4B614776-E2F7-479A-BFEE-AD55EE47432A}"
EndProject
Global
	GlobalSection(SolutionConfigurationPlatforms) = preSolution
		Debug|Any CPU = Debug|Any CPU
		Release|Any CPU = Release|Any CPU
	EndGlobalSection
	GlobalSection(ProjectConfigurationPlatforms) = postSolution
		{1CD7ACDA-09B3-4CFF-9C8E-D78466F13770}.Debug|Any CPU.ActiveCfg = Debug|Any CPU
		{1CD7ACDA-09B3-4CFF-9C8E-D78466F13770}.Debug|Any CPU.Build.0 = Debug|Any CPU
		{1CD7ACDA-09B3-4CFF-9C8E-D78466F13770}.Release|Any CPU.ActiveCfg = Release|Any CPU
		{1CD7ACDA-09B3-4CFF-9C8E-D78466F13770}.Release|Any CPU.Build.0 = Release|Any CPU
		{8EE53DB4-0D8A-43D5-B51E-CBBA77B1A750}.Debug|Any CPU.ActiveCfg = Debug|Any CPU
		{8EE53DB4-0D8A-43D5-B51E-CBBA77B1A750}.Debug|Any CPU.Build.0 = Debug|Any CPU
		{8EE53DB4-0D8A-43D5-B51E-CBBA77B1A750}.Release|Any CPU.ActiveCfg = Release|Any CPU
		{8EE53DB4-0D8A-43D5-B51E-CBBA77B1A750}.Release|Any CPU.Build.0 = Release|Any CPU
		{9274DCF7-DB3A-4218-9695-083170A6BC35}.Debug|Any CPU.ActiveCfg = Debug|Any CPU
		{9274DCF7-DB3A-4218-9695-083170A6BC35}.Debug|Any CPU.Build.0 = Debug|Any CPU
		{9274DCF7-DB3A-4218-9695-083170A6BC35}.Release|Any CPU.ActiveCfg = Release|Any CPU
		{9274DCF7-DB3A-4218-9695-083170A6BC35}.Release|Any CPU.Build.0 = Release|Any CPU
		{4B614776-E2F7-479A-BFEE-AD55EE47432A}.Debug|Any CPU.ActiveCfg = Debug|Any CPU
		{4B614776-E2F7-479A-BFEE-AD55EE47432A}.Debug|Any CPU.Build.0 = Debug|Any CPU
		{4B614776-E2F7-479A-BFEE-AD55EE47432A}.Release|Any CPU.ActiveCfg = Release|Any CPU
		{4B614776-E2F7-479A-BFEE-AD55EE47432A}.Release|Any CPU.Build.0 = Release|Any CPU
	EndGlobalSection
	GlobalSection(SolutionProperties) = preSolution
		HideSolutionNode = FALSE
	EndGlobalSection
	GlobalSection(NestedProjects) = preSolution
		{3A89AB61-C88A-415F-A98B-09DB506B26C8} = {02EA681E-C7D8-13C7-8484-4AC65E1B71E8}
		{F1B3B074-D541-4119-B931-E5F3656A7266} = {3A89AB61-C88A-415F-A98B-09DB506B26C8}
		{4DF60BD6-89CB-458B-A112-846350FF17D1} = {3A89AB61-C88A-415F-A98B-09DB506B26C8}
		{3E79A05B-FD5E-4EB5-9FA9-6385F8433FCF} = {02EA681E-C7D8-13C7-8484-4AC65E1B71E8}
		{9A2860A1-C08D-4C29-9764-D66A9936DAB6} = {02EA681E-C7D8-13C7-8484-4AC65E1B71E8}
		{1CD7ACDA-09B3-4CFF-9C8E-D78466F13770} = {9A2860A1-C08D-4C29-9764-D66A9936DAB6}
		{8EE53DB4-0D8A-43D5-B51E-CBBA77B1A750} = {3E79A05B-FD5E-4EB5-9FA9-6385F8433FCF}
		{9274DCF7-DB3A-4218-9695-083170A6BC35} = {4DF60BD6-89CB-458B-A112-846350FF17D1}
		{4B614776-E2F7-479A-BFEE-AD55EE47432A} = {F1B3B074-D541-4119-B931-E5F3656A7266}
	EndGlobalSection
	GlobalSection(ExtensibilityGlobals) = postSolution
		SolutionGuid = {2856F0BF-C85C-4583-BDC1-F96764C68B64}
	EndGlobalSection
EndGlobal
